// !$*UTF8*$!
{
	archiveVersion = 1;
	classes = {
	};
	objectVersion = 46;
	objects = {

/* Begin PBXBuildFile section */
		57E516271E983DC900A2AAD3 /* AppDelegate.swift in Sources */ = {isa = PBXBuildFile; fileRef = 57E516261E983DC900A2AAD3 /* AppDelegate.swift */; };
		57E516291E983DC900A2AAD3 /* ViewController.swift in Sources */ = {isa = PBXBuildFile; fileRef = 57E516281E983DC900A2AAD3 /* ViewController.swift */; };
		57E5162C1E983DC900A2AAD3 /* Main.storyboard in Resources */ = {isa = PBXBuildFile; fileRef = 57E5162A1E983DC900A2AAD3 /* Main.storyboard */; };
		57E5162E1E983DC900A2AAD3 /* Assets.xcassets in Resources */ = {isa = PBXBuildFile; fileRef = 57E5162D1E983DC900A2AAD3 /* Assets.xcassets */; };
		57E516311E983DC900A2AAD3 /* LaunchScreen.storyboard in Resources */ = {isa = PBXBuildFile; fileRef = 57E5162F1E983DC900A2AAD3 /* LaunchScreen.storyboard */; };
		AC74F3F5380ABBFF3733D6FF /* Pods_FacebookLoginWithKinvey.framework in Frameworks */ = {isa = PBXBuildFile; fileRef = 9525FD6FF0430BE10523F11F /* Pods_FacebookLoginWithKinvey.framework */; };
/* End PBXBuildFile section */

/* Begin PBXFileReference section */
		175C18CB9FE3FA1DBA3192EE /* Pods-FacebookLoginWithKinvey.debug.xcconfig */ = {isa = PBXFileReference; includeInIndex = 1; lastKnownFileType = text.xcconfig; name = "Pods-FacebookLoginWithKinvey.debug.xcconfig"; path = "Pods/Target Support Files/Pods-FacebookLoginWithKinvey/Pods-FacebookLoginWithKinvey.debug.xcconfig"; sourceTree = "<group>"; };
		57E516231E983DC900A2AAD3 /* FacebookLoginWithKinvey.app */ = {isa = PBXFileReference; explicitFileType = wrapper.application; includeInIndex = 0; path = FacebookLoginWithKinvey.app; sourceTree = BUILT_PRODUCTS_DIR; };
		57E516261E983DC900A2AAD3 /* AppDelegate.swift */ = {isa = PBXFileReference; lastKnownFileType = sourcecode.swift; path = AppDelegate.swift; sourceTree = "<group>"; };
		57E516281E983DC900A2AAD3 /* ViewController.swift */ = {isa = PBXFileReference; lastKnownFileType = sourcecode.swift; path = ViewController.swift; sourceTree = "<group>"; };
		57E5162B1E983DC900A2AAD3 /* Base */ = {isa = PBXFileReference; lastKnownFileType = file.storyboard; name = Base; path = Base.lproj/Main.storyboard; sourceTree = "<group>"; };
		57E5162D1E983DC900A2AAD3 /* Assets.xcassets */ = {isa = PBXFileReference; lastKnownFileType = folder.assetcatalog; path = Assets.xcassets; sourceTree = "<group>"; };
		57E516301E983DC900A2AAD3 /* Base */ = {isa = PBXFileReference; lastKnownFileType = file.storyboard; name = Base; path = Base.lproj/LaunchScreen.storyboard; sourceTree = "<group>"; };
		57E516321E983DC900A2AAD3 /* Info.plist */ = {isa = PBXFileReference; lastKnownFileType = text.plist.xml; path = Info.plist; sourceTree = "<group>"; };
		60C1263899E93EFD71C808D1 /* Pods-FacebookLoginWithKinvey.release.xcconfig */ = {isa = PBXFileReference; includeInIndex = 1; lastKnownFileType = text.xcconfig; name = "Pods-FacebookLoginWithKinvey.release.xcconfig"; path = "Pods/Target Support Files/Pods-FacebookLoginWithKinvey/Pods-FacebookLoginWithKinvey.release.xcconfig"; sourceTree = "<group>"; };
		9525FD6FF0430BE10523F11F /* Pods_FacebookLoginWithKinvey.framework */ = {isa = PBXFileReference; explicitFileType = wrapper.framework; includeInIndex = 0; path = Pods_FacebookLoginWithKinvey.framework; sourceTree = BUILT_PRODUCTS_DIR; };
/* End PBXFileReference section */

/* Begin PBXFrameworksBuildPhase section */
		57E516201E983DC900A2AAD3 /* Frameworks */ = {
			isa = PBXFrameworksBuildPhase;
			buildActionMask = 2147483647;
			files = (
				AC74F3F5380ABBFF3733D6FF /* Pods_FacebookLoginWithKinvey.framework in Frameworks */,
			);
			runOnlyForDeploymentPostprocessing = 0;
		};
/* End PBXFrameworksBuildPhase section */

/* Begin PBXGroup section */
		57E5161A1E983DC900A2AAD3 = {
			isa = PBXGroup;
			children = (
				57E516251E983DC900A2AAD3 /* FacebookLoginWithKinvey */,
				57E516241E983DC900A2AAD3 /* Products */,
				EAB6047C02DC7FDD2145A51F /* Pods */,
				840879900B39C49E2640FE58 /* Frameworks */,
			);
			sourceTree = "<group>";
		};
		57E516241E983DC900A2AAD3 /* Products */ = {
			isa = PBXGroup;
			children = (
				57E516231E983DC900A2AAD3 /* FacebookLoginWithKinvey.app */,
			);
			name = Products;
			sourceTree = "<group>";
		};
		57E516251E983DC900A2AAD3 /* FacebookLoginWithKinvey */ = {
			isa = PBXGroup;
			children = (
				57E516261E983DC900A2AAD3 /* AppDelegate.swift */,
				57E516281E983DC900A2AAD3 /* ViewController.swift */,
				57E5162A1E983DC900A2AAD3 /* Main.storyboard */,
				57E5162D1E983DC900A2AAD3 /* Assets.xcassets */,
				57E5162F1E983DC900A2AAD3 /* LaunchScreen.storyboard */,
				57E516321E983DC900A2AAD3 /* Info.plist */,
			);
			path = FacebookLoginWithKinvey;
			sourceTree = "<group>";
		};
		840879900B39C49E2640FE58 /* Frameworks */ = {
			isa = PBXGroup;
			children = (
				9525FD6FF0430BE10523F11F /* Pods_FacebookLoginWithKinvey.framework */,
			);
			name = Frameworks;
			sourceTree = "<group>";
		};
		EAB6047C02DC7FDD2145A51F /* Pods */ = {
			isa = PBXGroup;
			children = (
				175C18CB9FE3FA1DBA3192EE /* Pods-FacebookLoginWithKinvey.debug.xcconfig */,
				60C1263899E93EFD71C808D1 /* Pods-FacebookLoginWithKinvey.release.xcconfig */,
			);
			name = Pods;
			sourceTree = "<group>";
		};
/* End PBXGroup section */

/* Begin PBXNativeTarget section */
		57E516221E983DC900A2AAD3 /* FacebookLoginWithKinvey */ = {
			isa = PBXNativeTarget;
			buildConfigurationList = 57E516351E983DC900A2AAD3 /* Build configuration list for PBXNativeTarget "FacebookLoginWithKinvey" */;
			buildPhases = (
				2B4D6950F76A69746C663F0F /* [CP] Check Pods Manifest.lock */,
				57E5161F1E983DC900A2AAD3 /* Sources */,
				57E516201E983DC900A2AAD3 /* Frameworks */,
				57E516211E983DC900A2AAD3 /* Resources */,
				257A321D67736CE5662D575C /* [CP] Embed Pods Frameworks */,
				1E543136EDC4185972C3299A /* [CP] Copy Pods Resources */,
			);
			buildRules = (
			);
			dependencies = (
			);
			name = FacebookLoginWithKinvey;
			productName = FacebookLoginWithKinvey;
			productReference = 57E516231E983DC900A2AAD3 /* FacebookLoginWithKinvey.app */;
			productType = "com.apple.product-type.application";
		};
/* End PBXNativeTarget section */

/* Begin PBXProject section */
		57E5161B1E983DC900A2AAD3 /* Project object */ = {
			isa = PBXProject;
			attributes = {
				LastSwiftUpdateCheck = 0830;
				LastUpgradeCheck = 0830;
				ORGANIZATIONNAME = Kinvey;
				TargetAttributes = {
					57E516221E983DC900A2AAD3 = {
						CreatedOnToolsVersion = 8.3.1;
						DevelopmentTeam = 5W7CYNR7UE;
						ProvisioningStyle = Automatic;
					};
				};
			};
			buildConfigurationList = 57E5161E1E983DC900A2AAD3 /* Build configuration list for PBXProject "FacebookLoginWithKinvey" */;
			compatibilityVersion = "Xcode 3.2";
			developmentRegion = English;
			hasScannedForEncodings = 0;
			knownRegions = (
				en,
				Base,
			);
			mainGroup = 57E5161A1E983DC900A2AAD3;
			productRefGroup = 57E516241E983DC900A2AAD3 /* Products */;
			projectDirPath = "";
			projectRoot = "";
			targets = (
				57E516221E983DC900A2AAD3 /* FacebookLoginWithKinvey */,
			);
		};
/* End PBXProject section */

/* Begin PBXResourcesBuildPhase section */
		57E516211E983DC900A2AAD3 /* Resources */ = {
			isa = PBXResourcesBuildPhase;
			buildActionMask = 2147483647;
			files = (
				57E516311E983DC900A2AAD3 /* LaunchScreen.storyboard in Resources */,
				57E5162E1E983DC900A2AAD3 /* Assets.xcassets in Resources */,
				57E5162C1E983DC900A2AAD3 /* Main.storyboard in Resources */,
			);
			runOnlyForDeploymentPostprocessing = 0;
		};
/* End PBXResourcesBuildPhase section */

/* Begin PBXShellScriptBuildPhase section */
		1E543136EDC4185972C3299A /* [CP] Copy Pods Resources */ = {
			isa = PBXShellScriptBuildPhase;
			buildActionMask = 2147483647;
			files = (
			);
			inputPaths = (
			);
			name = "[CP] Copy Pods Resources";
			outputPaths = (
			);
			runOnlyForDeploymentPostprocessing = 0;
			shellPath = /bin/sh;
			shellScript = "\"${SRCROOT}/Pods/Target Support Files/Pods-FacebookLoginWithKinvey/Pods-FacebookLoginWithKinvey-resources.sh\"\n";
			showEnvVarsInLog = 0;
		};
		257A321D67736CE5662D575C /* [CP] Embed Pods Frameworks */ = {
			isa = PBXShellScriptBuildPhase;
			buildActionMask = 2147483647;
			files = (
			);
			inputPaths = (
			);
			name = "[CP] Embed Pods Frameworks";
			outputPaths = (
			);
			runOnlyForDeploymentPostprocessing = 0;
			shellPath = /bin/sh;
			shellScript = "\"${SRCROOT}/Pods/Target Support Files/Pods-FacebookLoginWithKinvey/Pods-FacebookLoginWithKinvey-frameworks.sh\"\n";
			showEnvVarsInLog = 0;
		};
		2B4D6950F76A69746C663F0F /* [CP] Check Pods Manifest.lock */ = {
			isa = PBXShellScriptBuildPhase;
			buildActionMask = 2147483647;
			files = (
			);
			inputPaths = (
			);
			name = "[CP] Check Pods Manifest.lock";
			outputPaths = (
			);
			runOnlyForDeploymentPostprocessing = 0;
			shellPath = /bin/sh;
			shellScript = "diff \"${PODS_ROOT}/../Podfile.lock\" \"${PODS_ROOT}/Manifest.lock\" > /dev/null\nif [ $? != 0 ] ; then\n    # print error to STDERR\n    echo \"error: The sandbox is not in sync with the Podfile.lock. Run 'pod install' or update your CocoaPods installation.\" >&2\n    exit 1\nfi\n";
			showEnvVarsInLog = 0;
		};
/* End PBXShellScriptBuildPhase section */

/* Begin PBXSourcesBuildPhase section */
		57E5161F1E983DC900A2AAD3 /* Sources */ = {
			isa = PBXSourcesBuildPhase;
			buildActionMask = 2147483647;
			files = (
				57E516291E983DC900A2AAD3 /* ViewController.swift in Sources */,
				57E516271E983DC900A2AAD3 /* AppDelegate.swift in Sources */,
			);
			runOnlyForDeploymentPostprocessing = 0;
		};
/* End PBXSourcesBuildPhase section */

/* Begin PBXVariantGroup section */
		57E5162A1E983DC900A2AAD3 /* Main.storyboard */ = {
			isa = PBXVariantGroup;
			children = (
				57E5162B1E983DC900A2AAD3 /* Base */,
			);
			name = Main.storyboard;
			sourceTree = "<group>";
		};
		57E5162F1E983DC900A2AAD3 /* LaunchScreen.storyboard */ = {
			isa = PBXVariantGroup;
			children = (
				57E516301E983DC900A2AAD3 /* Base */,
			);
			name = LaunchScreen.storyboard;
			sourceTree = "<group>";
		};
/* End PBXVariantGroup section */

/* Begin XCBuildConfiguration section */
		57E516331E983DC900A2AAD3 /* Debug */ = {
			isa = XCBuildConfiguration;
			buildSettings = {
				ALWAYS_SEARCH_USER_PATHS = NO;
				CLANG_ANALYZER_NONNULL = YES;
				CLANG_ANALYZER_NUMBER_OBJECT_CONVERSION = YES_AGGRESSIVE;
				CLANG_CXX_LANGUAGE_STANDARD = "gnu++0x";
				CLANG_CXX_LIBRARY = "libc++";
				CLANG_ENABLE_MODULES = YES;
				CLANG_ENABLE_OBJC_ARC = YES;
				CLANG_WARN_BOOL_CONVERSION = YES;
				CLANG_WARN_CONSTANT_CONVERSION = YES;
				CLANG_WARN_DIRECT_OBJC_ISA_USAGE = YES_ERROR;
				CLANG_WARN_DOCUMENTATION_COMMENTS = YES;
				CLANG_WARN_EMPTY_BODY = YES;
				CLANG_WARN_ENUM_CONVERSION = YES;
				CLANG_WARN_INFINITE_RECURSION = YES;
				CLANG_WARN_INT_CONVERSION = YES;
				CLANG_WARN_OBJC_ROOT_CLASS = YES_ERROR;
				CLANG_WARN_SUSPICIOUS_MOVE = YES;
				CLANG_WARN_UNREACHABLE_CODE = YES;
				CLANG_WARN__DUPLICATE_METHOD_MATCH = YES;
				"CODE_SIGN_IDENTITY[sdk=iphoneos*]" = "iPhone Developer";
				COPY_PHASE_STRIP = NO;
				DEBUG_INFORMATION_FORMAT = dwarf;
				ENABLE_STRICT_OBJC_MSGSEND = YES;
				ENABLE_TESTABILITY = YES;
				GCC_C_LANGUAGE_STANDARD = gnu99;
				GCC_DYNAMIC_NO_PIC = NO;
				GCC_NO_COMMON_BLOCKS = YES;
				GCC_OPTIMIZATION_LEVEL = 0;
				GCC_PREPROCESSOR_DEFINITIONS = (
					"DEBUG=1",
					"$(inherited)",
				);
				GCC_WARN_64_TO_32_BIT_CONVERSION = YES;
				GCC_WARN_ABOUT_RETURN_TYPE = YES_ERROR;
				GCC_WARN_UNDECLARED_SELECTOR = YES;
				GCC_WARN_UNINITIALIZED_AUTOS = YES_AGGRESSIVE;
				GCC_WARN_UNUSED_FUNCTION = YES;
				GCC_WARN_UNUSED_VARIABLE = YES;
				IPHONEOS_DEPLOYMENT_TARGET = 10.3;
				MTL_ENABLE_DEBUG_INFO = YES;
				ONLY_ACTIVE_ARCH = YES;
				SDKROOT = iphoneos;
				SWIFT_ACTIVE_COMPILATION_CONDITIONS = DEBUG;
				SWIFT_OPTIMIZATION_LEVEL = "-Onone";
				TARGETED_DEVICE_FAMILY = "1,2";
			};
			name = Debug;
		};
		57E516341E983DC900A2AAD3 /* Release */ = {
			isa = XCBuildConfiguration;
			buildSettings = {
				ALWAYS_SEARCH_USER_PATHS = NO;
				CLANG_ANALYZER_NONNULL = YES;
				CLANG_ANALYZER_NUMBER_OBJECT_CONVERSION = YES_AGGRESSIVE;
				CLANG_CXX_LANGUAGE_STANDARD = "gnu++0x";
				CLANG_CXX_LIBRARY = "libc++";
				CLANG_ENABLE_MODULES = YES;
				CLANG_ENABLE_OBJC_ARC = YES;
				CLANG_WARN_BOOL_CONVERSION = YES;
				CLANG_WARN_CONSTANT_CONVERSION = YES;
				CLANG_WARN_DIRECT_OBJC_ISA_USAGE = YES_ERROR;
				CLANG_WARN_DOCUMENTATION_COMMENTS = YES;
				CLANG_WARN_EMPTY_BODY = YES;
				CLANG_WARN_ENUM_CONVERSION = YES;
				CLANG_WARN_INFINITE_RECURSION = YES;
				CLANG_WARN_INT_CONVERSION = YES;
				CLANG_WARN_OBJC_ROOT_CLASS = YES_ERROR;
				CLANG_WARN_SUSPICIOUS_MOVE = YES;
				CLANG_WARN_UNREACHABLE_CODE = YES;
				CLANG_WARN__DUPLICATE_METHOD_MATCH = YES;
				"CODE_SIGN_IDENTITY[sdk=iphoneos*]" = "iPhone Developer";
				COPY_PHASE_STRIP = NO;
				DEBUG_INFORMATION_FORMAT = "dwarf-with-dsym";
				ENABLE_NS_ASSERTIONS = NO;
				ENABLE_STRICT_OBJC_MSGSEND = YES;
				GCC_C_LANGUAGE_STANDARD = gnu99;
				GCC_NO_COMMON_BLOCKS = YES;
				GCC_WARN_64_TO_32_BIT_CONVERSION = YES;
				GCC_WARN_ABOUT_RETURN_TYPE = YES_ERROR;
				GCC_WARN_UNDECLARED_SELECTOR = YES;
				GCC_WARN_UNINITIALIZED_AUTOS = YES_AGGRESSIVE;
				GCC_WARN_UNUSED_FUNCTION = YES;
				GCC_WARN_UNUSED_VARIABLE = YES;
				IPHONEOS_DEPLOYMENT_TARGET = 10.3;
				MTL_ENABLE_DEBUG_INFO = NO;
				SDKROOT = iphoneos;
				SWIFT_OPTIMIZATION_LEVEL = "-Owholemodule";
				TARGETED_DEVICE_FAMILY = "1,2";
				VALIDATE_PRODUCT = YES;
			};
			name = Release;
		};
		57E516361E983DC900A2AAD3 /* Debug */ = {
			isa = XCBuildConfiguration;
			baseConfigurationReference = 175C18CB9FE3FA1DBA3192EE /* Pods-FacebookLoginWithKinvey.debug.xcconfig */;
			buildSettings = {
				ASSETCATALOG_COMPILER_APPICON_NAME = AppIcon;
				DEVELOPMENT_TEAM = 5W7CYNR7UE;
				INFOPLIST_FILE = FacebookLoginWithKinvey/Info.plist;
				LD_RUNPATH_SEARCH_PATHS = "$(inherited) @executable_path/Frameworks";
				PRODUCT_BUNDLE_IDENTIFIER = com.kinvey.FacebookLoginWithKinvey;
				PRODUCT_NAME = "$(TARGET_NAME)";
				SWIFT_VERSION = 3.0;
			};
			name = Debug;
		};
		57E516371E983DC900A2AAD3 /* Release */ = {
			isa = XCBuildConfiguration;
			baseConfigurationReference = 60C1263899E93EFD71C808D1 /* Pods-FacebookLoginWithKinvey.release.xcconfig */;
			buildSettings = {
				ASSETCATALOG_COMPILER_APPICON_NAME = AppIcon;
				DEVELOPMENT_TEAM = 5W7CYNR7UE;
				INFOPLIST_FILE = FacebookLoginWithKinvey/Info.plist;
				LD_RUNPATH_SEARCH_PATHS = "$(inherited) @executable_path/Frameworks";
				PRODUCT_BUNDLE_IDENTIFIER = com.kinvey.FacebookLoginWithKinvey;
				PRODUCT_NAME = "$(TARGET_NAME)";
				SWIFT_VERSION = 3.0;
			};
			name = Release;
		};
/* End XCBuildConfiguration section */

/* Begin XCConfigurationList section */
		57E5161E1E983DC900A2AAD3 /* Build configuration list for PBXProject "FacebookLoginWithKinvey" */ = {
			isa = XCConfigurationList;
			buildConfigurations = (
				57E516331E983DC900A2AAD3 /* Debug */,
				57E516341E983DC900A2AAD3 /* Release */,
			);
			defaultConfigurationIsVisible = 0;
			defaultConfigurationName = Release;
		};
		57E516351E983DC900A2AAD3 /* Build configuration list for PBXNativeTarget "FacebookLoginWithKinvey" */ = {
			isa = XCConfigurationList;
			buildConfigurations = (
				57E516361E983DC900A2AAD3 /* Debug */,
				57E516371E983DC900A2AAD3 /* Release */,
			);
			defaultConfigurationIsVisible = 0;
			defaultConfigurationName = Release;
		};
/* End XCConfigurationList section */
	};
	rootObject = 57E5161B1E983DC900A2AAD3 /* Project object */;
}
